
Microsoft Visual Studio Solution File, Format Version 12.00
# Visual Studio Version 16
VisualStudioVersion = 16.0.31410.357
MinimumVisualStudioVersion = 10.0.40219.1
Project("{888888A0-9F3D-457C-B088-3A5042F75D52}") = "server", "server\server.pyproj", "{78C238D9-293F-4EFE-A3EE-8B83339E4D95}"
EndProject
Project("{888888A0-9F3D-457C-B088-3A5042F75D52}") = "client", "client\client.pyproj", "{943BB955-A8D3-460D-BC47-E34C5222D02D}"
EndProject
Global
	GlobalSection(SolutionConfigurationPlatforms) = preSolution
		Debug|Any CPU = Debug|Any CPU
		Release|Any CPU = Release|Any CPU
	EndGlobalSection
	GlobalSection(ProjectConfigurationPlatforms) = postSolution
		{78C238D9-293F-4EFE-A3EE-8B83339E4D95}.Debug|Any CPU.ActiveCfg = Debug|Any CPU
		{78C238D9-293F-4EFE-A3EE-8B83339E4D95}.Release|Any CPU.ActiveCfg = Release|Any CPU
		{943BB955-A8D3-460D-BC47-E34C5222D02D}.Debug|Any CPU.ActiveCfg = Debug|Any CPU
		{943BB955-A8D3-460D-BC47-E34C5222D02D}.Release|Any CPU.ActiveCfg = Release|Any CPU
	EndGlobalSection
	GlobalSection(SolutionProperties) = preSolution
		HideSolutionNode = FALSE
	EndGlobalSection
	GlobalSection(ExtensibilityGlobals) = postSolution
		SolutionGuid = {F7E85AD0-EDCD-43D6-A5FB-8DE32971022F}
	EndGlobalSection
EndGlobal
