<?xml version="1.0" encoding="utf-8"?>
<Project ToolsVersion="4.0" xmlns="http://schemas.microsoft.com/developer/msbuild/2003">
  <ItemGroup>
    <ClCompile Include="log4cxxSocketServer.cpp" />
    <ClCompile Include="..\common\Loader\ByteBufInputStream.cpp">
      <Filter>Loader</Filter>
    </ClCompile>
    <ClCompile Include="..\common\Loader\ObjectLoader.cpp">
      <Filter>Loader</Filter>
    </ClCompile>
    <ClCompile Include="..\common\Loader\SocketInputStream.cpp">
      <Filter>Loader</Filter>
    </ClCompile>
  </ItemGroup>
  <ItemGroup>
    <None Include="log4cxxSocketServer.conf" />
  </ItemGroup>
  <ItemGroup>
    <Filter Include="Loader">
      <UniqueIdentifier>{13ae466c-90e2-4077-8222-bb705f67a5c1}</UniqueIdentifier>
    </Filter>
  </ItemGroup>
  <ItemGroup>
    <ClInclude Include="..\common\Loader\ByteBufInputStream.h">
      <Filter>Loader</Filter>
    </ClInclude>
    <ClInclude Include="..\common\Loader\InputStreamDef.h">
      <Filter>Loader</Filter>
    </ClInclude>
    <ClInclude Include="..\common\Loader\ObjectLoader.h">
      <Filter>Loader</Filter>
    </ClInclude>
    <ClInclude Include="..\common\Loader\SocketInputStream.h">
      <Filter>Loader</Filter>
    </ClInclude>
    <ClInclude Include="log4cxxSocket.h" />
  </ItemGroup>
</Project>