<?xml version="1.0" encoding="utf-8"?>
<Project ToolsVersion="4.0" xmlns="http://schemas.microsoft.com/developer/msbuild/2003">
  <ItemGroup>
    <ClCompile Include="log4cxxSocketServer.cpp" />
    <ClCompile Include="..\log4cxxExt\Loader\ByteBufInputStream.cpp">
      <Filter>Loader</Filter>
    </ClCompile>
    <ClCompile Include="..\log4cxxExt\Loader\ObjectLoader.cpp">
      <Filter>Loader</Filter>
    </ClCompile>
    <ClCompile Include="..\log4cxxExt\Loader\SocketInputStream.cpp">
      <Filter>Loader</Filter>
    </ClCompile>
    <ClCompile Include="..\log4cxxExt\Socket\log4cxxClient.cpp">
      <Filter>Socket</Filter>
    </ClCompile>
  </ItemGroup>
  <ItemGroup>
    <None Include="log4cxxSocketServer.conf" />
  </ItemGroup>
  <ItemGroup>
    <Filter Include="Loader">
      <UniqueIdentifier>{78b4db43-c97a-4bcb-8d55-6aa0e224e65f}</UniqueIdentifier>
    </Filter>
    <Filter Include="Socket">
      <UniqueIdentifier>{e948f53e-eb3f-4a07-ae9c-67329b4b76d1}</UniqueIdentifier>
    </Filter>
  </ItemGroup>
  <ItemGroup>
    <ClInclude Include="..\log4cxxExt\Loader\ByteBufInputStream.h">
      <Filter>Loader</Filter>
    </ClInclude>
    <ClInclude Include="..\log4cxxExt\Loader\InputStreamDef.h">
      <Filter>Loader</Filter>
    </ClInclude>
    <ClInclude Include="..\log4cxxExt\Loader\ObjectLoader.h">
      <Filter>Loader</Filter>
    </ClInclude>
    <ClInclude Include="..\log4cxxExt\Loader\SocketInputStream.h">
      <Filter>Loader</Filter>
    </ClInclude>
    <ClInclude Include="..\log4cxxExt\Socket\log4cxxClient.h">
      <Filter>Socket</Filter>
    </ClInclude>
    <ClInclude Include="..\log4cxxExt\Socket\log4cxxSocket.h">
      <Filter>Socket</Filter>
    </ClInclude>
  </ItemGroup>
</Project>